
Microsoft Visual Studio Solution File, Format Version 12.00
# Visual Studio Version 16
VisualStudioVersion = 16.0.30711.63
MinimumVisualStudioVersion = 10.0.40219.1
Project("{FAE04EC0-301F-11D3-BF4B-00C04F79EFBC}") = "Record Types", "Features\Record Types.csproj", "{89A88DE4-EA30-473B-A32F-EC55DA198B30}"
EndProject
Global
	GlobalSection(SolutionConfigurationPlatforms) = preSolution
		Debug|Any CPU = Debug|Any CPU
		Release|Any CPU = Release|Any CPU
	EndGlobalSection
	GlobalSection(ProjectConfigurationPlatforms) = postSolution
		{89A88DE4-EA30-473B-A32F-EC55DA198B30}.Debug|Any CPU.ActiveCfg = Debug|Any CPU
		{89A88DE4-EA30-473B-A32F-EC55DA198B30}.Debug|Any CPU.Build.0 = Debug|Any CPU
		{89A88DE4-EA30-473B-A32F-EC55DA198B30}.Release|Any CPU.ActiveCfg = Release|Any CPU
		{89A88DE4-EA30-473B-A32F-EC55DA198B30}.Release|Any CPU.Build.0 = Release|Any CPU
	EndGlobalSection
	GlobalSection(SolutionProperties) = preSolution
		HideSolutionNode = FALSE
	EndGlobalSection
	GlobalSection(ExtensibilityGlobals) = postSolution
		SolutionGuid = {F3F054A6-B606-4E75-BE3A-EC8829C501EB}
	EndGlobalSection
EndGlobal
